
Microsoft Visual Studio Solution File, Format Version 12.00
# Visual Studio Version 17
VisualStudioVersion = 17.7.34018.315
MinimumVisualStudioVersion = 10.0.40219.1
Project("{FAE04EC0-301F-11D3-BF4B-00C04F79EFBC}") = "FinanceTracker", "FinanceTracker\FinanceTracker.csproj", "{DA6229C4-ABBB-4D6B-B575-3C5808E8B998}"
EndProject
Global
	GlobalSection(SolutionConfigurationPlatforms) = preSolution
		Debug|Any CPU = Debug|Any CPU
		Release|Any CPU = Release|Any CPU
	EndGlobalSection
	GlobalSection(ProjectConfigurationPlatforms) = postSolution
		{DA6229C4-ABBB-4D6B-B575-3C5808E8B998}.Debug|Any CPU.ActiveCfg = Debug|Any CPU
		{DA6229C4-ABBB-4D6B-B575-3C5808E8B998}.Debug|Any CPU.Build.0 = Debug|Any CPU
		{DA6229C4-ABBB-4D6B-B575-3C5808E8B998}.Release|Any CPU.ActiveCfg = Release|Any CPU
		{DA6229C4-ABBB-4D6B-B575-3C5808E8B998}.Release|Any CPU.Build.0 = Release|Any CPU
	EndGlobalSection
	GlobalSection(SolutionProperties) = preSolution
		HideSolutionNode = FALSE
	EndGlobalSection
	GlobalSection(ExtensibilityGlobals) = postSolution
		SolutionGuid = {7BE3D010-AEDD-422B-91DF-3564501EA5F7}
	EndGlobalSection
EndGlobal
